
Microsoft Visual Studio Solution File, Format Version 12.00
# Visual Studio Version 16
VisualStudioVersion = 16.0.30717.126
MinimumVisualStudioVersion = 10.0.40219.1
Project("{FAE04EC0-301F-11D3-BF4B-00C04F79EFBC}") = "Polymorphism", "Polymorphism\Polymorphism.csproj", "{EE6D51F0-02EB-4340-A725-1C803CCB73C5}"
EndProject
Project("{FAE04EC0-301F-11D3-BF4B-00C04F79EFBC}") = "Projekttyp1", "Projekttyp1\Projekttyp1.csproj", "{67F99991-874F-41C7-9270-52340FBD8187}"
EndProject
Global
	GlobalSection(SolutionConfigurationPlatforms) = preSolution
		Debug|Any CPU = Debug|Any CPU
		Release|Any CPU = Release|Any CPU
	EndGlobalSection
	GlobalSection(ProjectConfigurationPlatforms) = postSolution
		{EE6D51F0-02EB-4340-A725-1C803CCB73C5}.Debug|Any CPU.ActiveCfg = Debug|Any CPU
		{EE6D51F0-02EB-4340-A725-1C803CCB73C5}.Debug|Any CPU.Build.0 = Debug|Any CPU
		{EE6D51F0-02EB-4340-A725-1C803CCB73C5}.Release|Any CPU.ActiveCfg = Release|Any CPU
		{EE6D51F0-02EB-4340-A725-1C803CCB73C5}.Release|Any CPU.Build.0 = Release|Any CPU
		{67F99991-874F-41C7-9270-52340FBD8187}.Debug|Any CPU.ActiveCfg = Debug|Any CPU
		{67F99991-874F-41C7-9270-52340FBD8187}.Debug|Any CPU.Build.0 = Debug|Any CPU
		{67F99991-874F-41C7-9270-52340FBD8187}.Release|Any CPU.ActiveCfg = Release|Any CPU
		{67F99991-874F-41C7-9270-52340FBD8187}.Release|Any CPU.Build.0 = Release|Any CPU
	EndGlobalSection
	GlobalSection(SolutionProperties) = preSolution
		HideSolutionNode = FALSE
	EndGlobalSection
	GlobalSection(ExtensibilityGlobals) = postSolution
		SolutionGuid = {535D8E69-C7B8-4CD1-B95F-23AA42FAB4DD}
	EndGlobalSection
EndGlobal
